// !$*UTF8*$!
{
	archiveVersion = 1;
	classes = {
	};
	objectVersion = 55;
	objects = {

/* Begin PBXBuildFile section */
		2266C8EE29DD19D400CE5154 /* LoginViewController.swift in Sources */ = {isa = PBXBuildFile; fileRef = 2266C8ED29DD19D400CE5154 /* LoginViewController.swift */; };
		2266C8F129DD1CCF00CE5154 /* Alamofire in Frameworks */ = {isa = PBXBuildFile; productRef = 2266C8F029DD1CCF00CE5154 /* Alamofire */; };
		2266C8F329DD1D3D00CE5154 /* User.swift in Sources */ = {isa = PBXBuildFile; fileRef = 2266C8F229DD1D3D00CE5154 /* User.swift */; };
		2266C8F729DD21DA00CE5154 /* SignUpViewController.swift in Sources */ = {isa = PBXBuildFile; fileRef = 2266C8F629DD21DA00CE5154 /* SignUpViewController.swift */; };
		2266C8F929DD261900CE5154 /* FavoriteViewController.swift in Sources */ = {isa = PBXBuildFile; fileRef = 2266C8F829DD261900CE5154 /* FavoriteViewController.swift */; };
		2266C8FD29DD295900CE5154 /* PokemonFavoriteEntry.swift in Sources */ = {isa = PBXBuildFile; fileRef = 2266C8FC29DD295900CE5154 /* PokemonFavoriteEntry.swift */; };
		2266C8FF29DD2BC200CE5154 /* RandomViewController.swift in Sources */ = {isa = PBXBuildFile; fileRef = 2266C8FE29DD2BC200CE5154 /* RandomViewController.swift */; };
		22A160AC29DE618D00111CEB /* ChooseViewController.swift in Sources */ = {isa = PBXBuildFile; fileRef = 22A160AB29DE618D00111CEB /* ChooseViewController.swift */; };
		22A160AE29DE63D900111CEB /* SoundViewController.swift in Sources */ = {isa = PBXBuildFile; fileRef = 22A160AD29DE63D900111CEB /* SoundViewController.swift */; };
		22A160B029DE647200111CEB /* SpellingViewController.swift in Sources */ = {isa = PBXBuildFile; fileRef = 22A160AF29DE647200111CEB /* SpellingViewController.swift */; };
		22A160B229DE6A6900111CEB /* PokemonDetails.swift in Sources */ = {isa = PBXBuildFile; fileRef = 22A160B129DE6A6900111CEB /* PokemonDetails.swift */; };
		22A160B429DE6BC400111CEB /* APIFunctions.swift in Sources */ = {isa = PBXBuildFile; fileRef = 22A160B329DE6BC400111CEB /* APIFunctions.swift */; };
		6635A76929DCAEED007E22D1 /* AppDelegate.swift in Sources */ = {isa = PBXBuildFile; fileRef = 6635A76829DCAEED007E22D1 /* AppDelegate.swift */; };
		6635A76B29DCAEED007E22D1 /* SceneDelegate.swift in Sources */ = {isa = PBXBuildFile; fileRef = 6635A76A29DCAEED007E22D1 /* SceneDelegate.swift */; };
		6635A76D29DCAEED007E22D1 /* ViewController.swift in Sources */ = {isa = PBXBuildFile; fileRef = 6635A76C29DCAEED007E22D1 /* ViewController.swift */; };
		6635A77029DCAEED007E22D1 /* Main.storyboard in Resources */ = {isa = PBXBuildFile; fileRef = 6635A76E29DCAEED007E22D1 /* Main.storyboard */; };
		6635A77229DCAEEE007E22D1 /* Assets.xcassets in Resources */ = {isa = PBXBuildFile; fileRef = 6635A77129DCAEEE007E22D1 /* Assets.xcassets */; };
		6635A77529DCAEEE007E22D1 /* LaunchScreen.storyboard in Resources */ = {isa = PBXBuildFile; fileRef = 6635A77329DCAEEE007E22D1 /* LaunchScreen.storyboard */; };
		66C040FE29DCBCF60055AE56 /* ParseSwift in Frameworks */ = {isa = PBXBuildFile; productRef = 66C040FD29DCBCF60055AE56 /* ParseSwift */; };
/* End PBXBuildFile section */

/* Begin PBXFileReference section */
		2266C8ED29DD19D400CE5154 /* LoginViewController.swift */ = {isa = PBXFileReference; lastKnownFileType = sourcecode.swift; path = LoginViewController.swift; sourceTree = "<group>"; };
		2266C8F229DD1D3D00CE5154 /* User.swift */ = {isa = PBXFileReference; lastKnownFileType = sourcecode.swift; path = User.swift; sourceTree = "<group>"; };
		2266C8F629DD21DA00CE5154 /* SignUpViewController.swift */ = {isa = PBXFileReference; lastKnownFileType = sourcecode.swift; path = SignUpViewController.swift; sourceTree = "<group>"; };
		2266C8F829DD261900CE5154 /* FavoriteViewController.swift */ = {isa = PBXFileReference; lastKnownFileType = sourcecode.swift; path = FavoriteViewController.swift; sourceTree = "<group>"; };
		2266C8FC29DD295900CE5154 /* PokemonFavoriteEntry.swift */ = {isa = PBXFileReference; lastKnownFileType = sourcecode.swift; path = PokemonFavoriteEntry.swift; sourceTree = "<group>"; };
		2266C8FE29DD2BC200CE5154 /* RandomViewController.swift */ = {isa = PBXFileReference; lastKnownFileType = sourcecode.swift; path = RandomViewController.swift; sourceTree = "<group>"; };
		22A160AB29DE618D00111CEB /* ChooseViewController.swift */ = {isa = PBXFileReference; lastKnownFileType = sourcecode.swift; path = ChooseViewController.swift; sourceTree = "<group>"; };
		22A160AD29DE63D900111CEB /* SoundViewController.swift */ = {isa = PBXFileReference; lastKnownFileType = sourcecode.swift; path = SoundViewController.swift; sourceTree = "<group>"; };
		22A160AF29DE647200111CEB /* SpellingViewController.swift */ = {isa = PBXFileReference; lastKnownFileType = sourcecode.swift; path = SpellingViewController.swift; sourceTree = "<group>"; };
		22A160B129DE6A6900111CEB /* PokemonDetails.swift */ = {isa = PBXFileReference; lastKnownFileType = sourcecode.swift; path = PokemonDetails.swift; sourceTree = "<group>"; };
		22A160B329DE6BC400111CEB /* APIFunctions.swift */ = {isa = PBXFileReference; lastKnownFileType = sourcecode.swift; path = APIFunctions.swift; sourceTree = "<group>"; };
		6635A76529DCAEED007E22D1 /* Pokedex.app */ = {isa = PBXFileReference; explicitFileType = wrapper.application; includeInIndex = 0; path = Pokedex.app; sourceTree = BUILT_PRODUCTS_DIR; };
		6635A76829DCAEED007E22D1 /* AppDelegate.swift */ = {isa = PBXFileReference; lastKnownFileType = sourcecode.swift; path = AppDelegate.swift; sourceTree = "<group>"; };
		6635A76A29DCAEED007E22D1 /* SceneDelegate.swift */ = {isa = PBXFileReference; lastKnownFileType = sourcecode.swift; path = SceneDelegate.swift; sourceTree = "<group>"; };
		6635A76C29DCAEED007E22D1 /* ViewController.swift */ = {isa = PBXFileReference; lastKnownFileType = sourcecode.swift; path = ViewController.swift; sourceTree = "<group>"; };
		6635A76F29DCAEED007E22D1 /* Base */ = {isa = PBXFileReference; lastKnownFileType = file.storyboard; name = Base; path = Base.lproj/Main.storyboard; sourceTree = "<group>"; };
		6635A77129DCAEEE007E22D1 /* Assets.xcassets */ = {isa = PBXFileReference; lastKnownFileType = folder.assetcatalog; path = Assets.xcassets; sourceTree = "<group>"; };
		6635A77429DCAEEE007E22D1 /* Base */ = {isa = PBXFileReference; lastKnownFileType = file.storyboard; name = Base; path = Base.lproj/LaunchScreen.storyboard; sourceTree = "<group>"; };
		6635A77629DCAEEE007E22D1 /* Info.plist */ = {isa = PBXFileReference; lastKnownFileType = text.plist.xml; path = Info.plist; sourceTree = "<group>"; };
/* End PBXFileReference section */

/* Begin PBXFrameworksBuildPhase section */
		6635A76229DCAEED007E22D1 /* Frameworks */ = {
			isa = PBXFrameworksBuildPhase;
			buildActionMask = 2147483647;
			files = (
				66C040FE29DCBCF60055AE56 /* ParseSwift in Frameworks */,
				2266C8F129DD1CCF00CE5154 /* Alamofire in Frameworks */,
			);
			runOnlyForDeploymentPostprocessing = 0;
		};
/* End PBXFrameworksBuildPhase section */

/* Begin PBXGroup section */
		2266C8FA29DD288F00CE5154 /* Models */ = {
			isa = PBXGroup;
			children = (
				2266C8F229DD1D3D00CE5154 /* User.swift */,
				2266C8FC29DD295900CE5154 /* PokemonFavoriteEntry.swift */,
				22A160B129DE6A6900111CEB /* PokemonDetails.swift */,
			);
			path = Models;
			sourceTree = "<group>";
		};
		2266C8FB29DD28A100CE5154 /* Login */ = {
			isa = PBXGroup;
			children = (
				2266C8ED29DD19D400CE5154 /* LoginViewController.swift */,
				2266C8F629DD21DA00CE5154 /* SignUpViewController.swift */,
			);
			path = Login;
			sourceTree = "<group>";
		};
		22A160B529DE841100111CEB /* ViewControllers */ = {
			isa = PBXGroup;
			children = (
				6635A76C29DCAEED007E22D1 /* ViewController.swift */,
				2266C8F829DD261900CE5154 /* FavoriteViewController.swift */,
				2266C8FE29DD2BC200CE5154 /* RandomViewController.swift */,
				22A160AB29DE618D00111CEB /* ChooseViewController.swift */,
				22A160AD29DE63D900111CEB /* SoundViewController.swift */,
				22A160AF29DE647200111CEB /* SpellingViewController.swift */,
			);
			path = ViewControllers;
			sourceTree = "<group>";
		};
		6635A75C29DCAEED007E22D1 = {
			isa = PBXGroup;
			children = (
				6635A76729DCAEED007E22D1 /* Pokedex */,
				6635A76629DCAEED007E22D1 /* Products */,
			);
			sourceTree = "<group>";
		};
		6635A76629DCAEED007E22D1 /* Products */ = {
			isa = PBXGroup;
			children = (
				6635A76529DCAEED007E22D1 /* Pokedex.app */,
			);
			name = Products;
			sourceTree = "<group>";
		};
		6635A76729DCAEED007E22D1 /* Pokedex */ = {
			isa = PBXGroup;
			children = (
				22A160B529DE841100111CEB /* ViewControllers */,
				22A160B329DE6BC400111CEB /* APIFunctions.swift */,
				2266C8FA29DD288F00CE5154 /* Models */,
				2266C8FB29DD28A100CE5154 /* Login */,
				6635A76829DCAEED007E22D1 /* AppDelegate.swift */,
				6635A76A29DCAEED007E22D1 /* SceneDelegate.swift */,
				6635A76E29DCAEED007E22D1 /* Main.storyboard */,
				6635A77129DCAEEE007E22D1 /* Assets.xcassets */,
				6635A77329DCAEEE007E22D1 /* LaunchScreen.storyboard */,
				6635A77629DCAEEE007E22D1 /* Info.plist */,
			);
			path = Pokedex;
			sourceTree = "<group>";
		};
/* End PBXGroup section */

/* Begin PBXNativeTarget section */
		6635A76429DCAEED007E22D1 /* Pokedex */ = {
			isa = PBXNativeTarget;
			buildConfigurationList = 6635A77929DCAEEE007E22D1 /* Build configuration list for PBXNativeTarget "Pokedex" */;
			buildPhases = (
				6635A76129DCAEED007E22D1 /* Sources */,
				6635A76229DCAEED007E22D1 /* Frameworks */,
				6635A76329DCAEED007E22D1 /* Resources */,
			);
			buildRules = (
			);
			dependencies = (
			);
			name = Pokedex;
			packageProductDependencies = (
				66C040FD29DCBCF60055AE56 /* ParseSwift */,
				2266C8F029DD1CCF00CE5154 /* Alamofire */,
			);
			productName = Pokedex;
			productReference = 6635A76529DCAEED007E22D1 /* Pokedex.app */;
			productType = "com.apple.product-type.application";
		};
/* End PBXNativeTarget section */

/* Begin PBXProject section */
		6635A75D29DCAEED007E22D1 /* Project object */ = {
			isa = PBXProject;
			attributes = {
				BuildIndependentTargetsInParallel = 1;
				LastSwiftUpdateCheck = 1340;
				LastUpgradeCheck = 1340;
				TargetAttributes = {
					6635A76429DCAEED007E22D1 = {
						CreatedOnToolsVersion = 13.4.1;
					};
				};
			};
			buildConfigurationList = 6635A76029DCAEED007E22D1 /* Build configuration list for PBXProject "Pokedex" */;
			compatibilityVersion = "Xcode 13.0";
			developmentRegion = en;
			hasScannedForEncodings = 0;
			knownRegions = (
				en,
				Base,
			);
			mainGroup = 6635A75C29DCAEED007E22D1;
			packageReferences = (
				66C040FC29DCBCF60055AE56 /* XCRemoteSwiftPackageReference "Parse-Swift" */,
				2266C8EF29DD1CCF00CE5154 /* XCRemoteSwiftPackageReference "Alamofire" */,
			);
			productRefGroup = 6635A76629DCAEED007E22D1 /* Products */;
			projectDirPath = "";
			projectRoot = "";
			targets = (
				6635A76429DCAEED007E22D1 /* Pokedex */,
			);
		};
/* End PBXProject section */

/* Begin PBXResourcesBuildPhase section */
		6635A76329DCAEED007E22D1 /* Resources */ = {
			isa = PBXResourcesBuildPhase;
			buildActionMask = 2147483647;
			files = (
				6635A77529DCAEEE007E22D1 /* LaunchScreen.storyboard in Resources */,
				6635A77229DCAEEE007E22D1 /* Assets.xcassets in Resources */,
				6635A77029DCAEED007E22D1 /* Main.storyboard in Resources */,
			);
			runOnlyForDeploymentPostprocessing = 0;
		};
/* End PBXResourcesBuildPhase section */

/* Begin PBXSourcesBuildPhase section */
		6635A76129DCAEED007E22D1 /* Sources */ = {
			isa = PBXSourcesBuildPhase;
			buildActionMask = 2147483647;
			files = (
				2266C8EE29DD19D400CE5154 /* LoginViewController.swift in Sources */,
				2266C8FD29DD295900CE5154 /* PokemonFavoriteEntry.swift in Sources */,
				22A160B429DE6BC400111CEB /* APIFunctions.swift in Sources */,
				2266C8F729DD21DA00CE5154 /* SignUpViewController.swift in Sources */,
				22A160AE29DE63D900111CEB /* SoundViewController.swift in Sources */,
				22A160AC29DE618D00111CEB /* ChooseViewController.swift in Sources */,
				2266C8FF29DD2BC200CE5154 /* RandomViewController.swift in Sources */,
				6635A76D29DCAEED007E22D1 /* ViewController.swift in Sources */,
				2266C8F929DD261900CE5154 /* FavoriteViewController.swift in Sources */,
				22A160B029DE647200111CEB /* SpellingViewController.swift in Sources */,
				6635A76929DCAEED007E22D1 /* AppDelegate.swift in Sources */,
				2266C8F329DD1D3D00CE5154 /* User.swift in Sources */,
				6635A76B29DCAEED007E22D1 /* SceneDelegate.swift in Sources */,
				22A160B229DE6A6900111CEB /* PokemonDetails.swift in Sources */,
			);
			runOnlyForDeploymentPostprocessing = 0;
		};
/* End PBXSourcesBuildPhase section */

/* Begin PBXVariantGroup section */
		6635A76E29DCAEED007E22D1 /* Main.storyboard */ = {
			isa = PBXVariantGroup;
			children = (
				6635A76F29DCAEED007E22D1 /* Base */,
			);
			name = Main.storyboard;
			sourceTree = "<group>";
		};
		6635A77329DCAEEE007E22D1 /* LaunchScreen.storyboard */ = {
			isa = PBXVariantGroup;
			children = (
				6635A77429DCAEEE007E22D1 /* Base */,
			);
			name = LaunchScreen.storyboard;
			sourceTree = "<group>";
		};
/* End PBXVariantGroup section */

/* Begin XCBuildConfiguration section */
		6635A77729DCAEEE007E22D1 /* Debug */ = {
			isa = XCBuildConfiguration;
			buildSettings = {
				ALWAYS_SEARCH_USER_PATHS = NO;
				CLANG_ANALYZER_NONNULL = YES;
				CLANG_ANALYZER_NUMBER_OBJECT_CONVERSION = YES_AGGRESSIVE;
				CLANG_CXX_LANGUAGE_STANDARD = "gnu++17";
				CLANG_ENABLE_MODULES = YES;
				CLANG_ENABLE_OBJC_ARC = YES;
				CLANG_ENABLE_OBJC_WEAK = YES;
				CLANG_WARN_BLOCK_CAPTURE_AUTORELEASING = YES;
				CLANG_WARN_BOOL_CONVERSION = YES;
				CLANG_WARN_COMMA = YES;
				CLANG_WARN_CONSTANT_CONVERSION = YES;
				CLANG_WARN_DEPRECATED_OBJC_IMPLEMENTATIONS = YES;
				CLANG_WARN_DIRECT_OBJC_ISA_USAGE = YES_ERROR;
				CLANG_WARN_DOCUMENTATION_COMMENTS = YES;
				CLANG_WARN_EMPTY_BODY = YES;
				CLANG_WARN_ENUM_CONVERSION = YES;
				CLANG_WARN_INFINITE_RECURSION = YES;
				CLANG_WARN_INT_CONVERSION = YES;
				CLANG_WARN_NON_LITERAL_NULL_CONVERSION = YES;
				CLANG_WARN_OBJC_IMPLICIT_RETAIN_SELF = YES;
				CLANG_WARN_OBJC_LITERAL_CONVERSION = YES;
				CLANG_WARN_OBJC_ROOT_CLASS = YES_ERROR;
				CLANG_WARN_QUOTED_INCLUDE_IN_FRAMEWORK_HEADER = YES;
				CLANG_WARN_RANGE_LOOP_ANALYSIS = YES;
				CLANG_WARN_STRICT_PROTOTYPES = YES;
				CLANG_WARN_SUSPICIOUS_MOVE = YES;
				CLANG_WARN_UNGUARDED_AVAILABILITY = YES_AGGRESSIVE;
				CLANG_WARN_UNREACHABLE_CODE = YES;
				CLANG_WARN__DUPLICATE_METHOD_MATCH = YES;
				COPY_PHASE_STRIP = NO;
				DEBUG_INFORMATION_FORMAT = dwarf;
				ENABLE_STRICT_OBJC_MSGSEND = YES;
				ENABLE_TESTABILITY = YES;
				GCC_C_LANGUAGE_STANDARD = gnu11;
				GCC_DYNAMIC_NO_PIC = NO;
				GCC_NO_COMMON_BLOCKS = YES;
				GCC_OPTIMIZATION_LEVEL = 0;
				GCC_PREPROCESSOR_DEFINITIONS = (
					"DEBUG=1",
					"$(inherited)",
				);
				GCC_WARN_64_TO_32_BIT_CONVERSION = YES;
				GCC_WARN_ABOUT_RETURN_TYPE = YES_ERROR;
				GCC_WARN_UNDECLARED_SELECTOR = YES;
				GCC_WARN_UNINITIALIZED_AUTOS = YES_AGGRESSIVE;
				GCC_WARN_UNUSED_FUNCTION = YES;
				GCC_WARN_UNUSED_VARIABLE = YES;
				IPHONEOS_DEPLOYMENT_TARGET = 15.5;
				MTL_ENABLE_DEBUG_INFO = INCLUDE_SOURCE;
				MTL_FAST_MATH = YES;
				ONLY_ACTIVE_ARCH = YES;
				SDKROOT = iphoneos;
				SWIFT_ACTIVE_COMPILATION_CONDITIONS = DEBUG;
				SWIFT_OPTIMIZATION_LEVEL = "-Onone";
			};
			name = Debug;
		};
		6635A77829DCAEEE007E22D1 /* Release */ = {
			isa = XCBuildConfiguration;
			buildSettings = {
				ALWAYS_SEARCH_USER_PATHS = NO;
				CLANG_ANALYZER_NONNULL = YES;
				CLANG_ANALYZER_NUMBER_OBJECT_CONVERSION = YES_AGGRESSIVE;
				CLANG_CXX_LANGUAGE_STANDARD = "gnu++17";
				CLANG_ENABLE_MODULES = YES;
				CLANG_ENABLE_OBJC_ARC = YES;
				CLANG_ENABLE_OBJC_WEAK = YES;
				CLANG_WARN_BLOCK_CAPTURE_AUTORELEASING = YES;
				CLANG_WARN_BOOL_CONVERSION = YES;
				CLANG_WARN_COMMA = YES;
				CLANG_WARN_CONSTANT_CONVERSION = YES;
				CLANG_WARN_DEPRECATED_OBJC_IMPLEMENTATIONS = YES;
				CLANG_WARN_DIRECT_OBJC_ISA_USAGE = YES_ERROR;
				CLANG_WARN_DOCUMENTATION_COMMENTS = YES;
				CLANG_WARN_EMPTY_BODY = YES;
				CLANG_WARN_ENUM_CONVERSION = YES;
				CLANG_WARN_INFINITE_RECURSION = YES;
				CLANG_WARN_INT_CONVERSION = YES;
				CLANG_WARN_NON_LITERAL_NULL_CONVERSION = YES;
				CLANG_WARN_OBJC_IMPLICIT_RETAIN_SELF = YES;
				CLANG_WARN_OBJC_LITERAL_CONVERSION = YES;
				CLANG_WARN_OBJC_ROOT_CLASS = YES_ERROR;
				CLANG_WARN_QUOTED_INCLUDE_IN_FRAMEWORK_HEADER = YES;
				CLANG_WARN_RANGE_LOOP_ANALYSIS = YES;
				CLANG_WARN_STRICT_PROTOTYPES = YES;
				CLANG_WARN_SUSPICIOUS_MOVE = YES;
				CLANG_WARN_UNGUARDED_AVAILABILITY = YES_AGGRESSIVE;
				CLANG_WARN_UNREACHABLE_CODE = YES;
				CLANG_WARN__DUPLICATE_METHOD_MATCH = YES;
				COPY_PHASE_STRIP = NO;
				DEBUG_INFORMATION_FORMAT = "dwarf-with-dsym";
				ENABLE_NS_ASSERTIONS = NO;
				ENABLE_STRICT_OBJC_MSGSEND = YES;
				GCC_C_LANGUAGE_STANDARD = gnu11;
				GCC_NO_COMMON_BLOCKS = YES;
				GCC_WARN_64_TO_32_BIT_CONVERSION = YES;
				GCC_WARN_ABOUT_RETURN_TYPE = YES_ERROR;
				GCC_WARN_UNDECLARED_SELECTOR = YES;
				GCC_WARN_UNINITIALIZED_AUTOS = YES_AGGRESSIVE;
				GCC_WARN_UNUSED_FUNCTION = YES;
				GCC_WARN_UNUSED_VARIABLE = YES;
				IPHONEOS_DEPLOYMENT_TARGET = 15.5;
				MTL_ENABLE_DEBUG_INFO = NO;
				MTL_FAST_MATH = YES;
				SDKROOT = iphoneos;
				SWIFT_COMPILATION_MODE = wholemodule;
				SWIFT_OPTIMIZATION_LEVEL = "-O";
				VALIDATE_PRODUCT = YES;
			};
			name = Release;
		};
		6635A77A29DCAEEE007E22D1 /* Debug */ = {
			isa = XCBuildConfiguration;
			buildSettings = {
				ASSETCATALOG_COMPILER_APPICON_NAME = AppIcon;
				ASSETCATALOG_COMPILER_GLOBAL_ACCENT_COLOR_NAME = AccentColor;
				CODE_SIGN_STYLE = Automatic;
				CURRENT_PROJECT_VERSION = 1;
				GENERATE_INFOPLIST_FILE = YES;
				INFOPLIST_FILE = Pokedex/Info.plist;
				INFOPLIST_KEY_UIApplicationSupportsIndirectInputEvents = YES;
				INFOPLIST_KEY_UILaunchStoryboardName = LaunchScreen;
				INFOPLIST_KEY_UIMainStoryboardFile = Main;
				INFOPLIST_KEY_UISupportedInterfaceOrientations_iPad = "UIInterfaceOrientationPortrait UIInterfaceOrientationPortraitUpsideDown UIInterfaceOrientationLandscapeLeft UIInterfaceOrientationLandscapeRight";
				INFOPLIST_KEY_UISupportedInterfaceOrientations_iPhone = "UIInterfaceOrientationPortrait UIInterfaceOrientationLandscapeLeft UIInterfaceOrientationLandscapeRight";
				LD_RUNPATH_SEARCH_PATHS = (
					"$(inherited)",
					"@executable_path/Frameworks",
				);
				MARKETING_VERSION = 1.0;
				PRODUCT_BUNDLE_IDENTIFIER = csumb.edu.marvega.Pokedex;
				PRODUCT_NAME = "$(TARGET_NAME)";
				SWIFT_EMIT_LOC_STRINGS = YES;
				SWIFT_VERSION = 5.0;
				TARGETED_DEVICE_FAMILY = "1,2";
			};
			name = Debug;
		};
		6635A77B29DCAEEE007E22D1 /* Release */ = {
			isa = XCBuildConfiguration;
			buildSettings = {
				ASSETCATALOG_COMPILER_APPICON_NAME = AppIcon;
				ASSETCATALOG_COMPILER_GLOBAL_ACCENT_COLOR_NAME = AccentColor;
				CODE_SIGN_STYLE = Automatic;
				CURRENT_PROJECT_VERSION = 1;
				GENERATE_INFOPLIST_FILE = YES;
				INFOPLIST_FILE = Pokedex/Info.plist;
				INFOPLIST_KEY_UIApplicationSupportsIndirectInputEvents = YES;
				INFOPLIST_KEY_UILaunchStoryboardName = LaunchScreen;
				INFOPLIST_KEY_UIMainStoryboardFile = Main;
				INFOPLIST_KEY_UISupportedInterfaceOrientations_iPad = "UIInterfaceOrientationPortrait UIInterfaceOrientationPortraitUpsideDown UIInterfaceOrientationLandscapeLeft UIInterfaceOrientationLandscapeRight";
				INFOPLIST_KEY_UISupportedInterfaceOrientations_iPhone = "UIInterfaceOrientationPortrait UIInterfaceOrientationLandscapeLeft UIInterfaceOrientationLandscapeRight";
				LD_RUNPATH_SEARCH_PATHS = (
					"$(inherited)",
					"@executable_path/Frameworks",
				);
				MARKETING_VERSION = 1.0;
				PRODUCT_BUNDLE_IDENTIFIER = csumb.edu.marvega.Pokedex;
				PRODUCT_NAME = "$(TARGET_NAME)";
				SWIFT_EMIT_LOC_STRINGS = YES;
				SWIFT_VERSION = 5.0;
				TARGETED_DEVICE_FAMILY = "1,2";
			};
			name = Release;
		};
/* End XCBuildConfiguration section */

/* Begin XCConfigurationList section */
		6635A76029DCAEED007E22D1 /* Build configuration list for PBXProject "Pokedex" */ = {
			isa = XCConfigurationList;
			buildConfigurations = (
				6635A77729DCAEEE007E22D1 /* Debug */,
				6635A77829DCAEEE007E22D1 /* Release */,
			);
			defaultConfigurationIsVisible = 0;
			defaultConfigurationName = Release;
		};
		6635A77929DCAEEE007E22D1 /* Build configuration list for PBXNativeTarget "Pokedex" */ = {
			isa = XCConfigurationList;
			buildConfigurations = (
				6635A77A29DCAEEE007E22D1 /* Debug */,
				6635A77B29DCAEEE007E22D1 /* Release */,
			);
			defaultConfigurationIsVisible = 0;
			defaultConfigurationName = Release;
		};
/* End XCConfigurationList section */

/* Begin XCRemoteSwiftPackageReference section */
		2266C8EF29DD1CCF00CE5154 /* XCRemoteSwiftPackageReference "Alamofire" */ = {
			isa = XCRemoteSwiftPackageReference;
			repositoryURL = "https://github.com/Alamofire/Alamofire";
			requirement = {
				kind = upToNextMajorVersion;
				minimumVersion = 5.0.0;
			};
		};
		66C040FC29DCBCF60055AE56 /* XCRemoteSwiftPackageReference "Parse-Swift" */ = {
			isa = XCRemoteSwiftPackageReference;
			repositoryURL = "https://github.com/parse-community/Parse-Swift";
			requirement = {
				kind = upToNextMajorVersion;
				minimumVersion = 4.0.0;
			};
		};
/* End XCRemoteSwiftPackageReference section */

/* Begin XCSwiftPackageProductDependency section */
		2266C8F029DD1CCF00CE5154 /* Alamofire */ = {
			isa = XCSwiftPackageProductDependency;
			package = 2266C8EF29DD1CCF00CE5154 /* XCRemoteSwiftPackageReference "Alamofire" */;
			productName = Alamofire;
		};
		66C040FD29DCBCF60055AE56 /* ParseSwift */ = {
			isa = XCSwiftPackageProductDependency;
			package = 66C040FC29DCBCF60055AE56 /* XCRemoteSwiftPackageReference "Parse-Swift" */;
			productName = ParseSwift;
		};
/* End XCSwiftPackageProductDependency section */
	};
	rootObject = 6635A75D29DCAEED007E22D1 /* Project object */;
}
